
Microsoft Visual Studio Solution File, Format Version 12.00
# Visual Studio 15
VisualStudioVersion = 15.0.28307.852
MinimumVisualStudioVersion = 10.0.40219.1
Project("{FAE04EC0-301F-11D3-BF4B-00C04F79EFBC}") = "DataStructuresHW", "DataStructuresHW\DataStructuresHW.csproj", "{A7A853B9-7969-44BF-971E-860BEF918C95}"
EndProject
Global
	GlobalSection(SolutionConfigurationPlatforms) = preSolution
		Debug|Any CPU = Debug|Any CPU
		Release|Any CPU = Release|Any CPU
	EndGlobalSection
	GlobalSection(ProjectConfigurationPlatforms) = postSolution
		{A7A853B9-7969-44BF-971E-860BEF918C95}.Debug|Any CPU.ActiveCfg = Debug|Any CPU
		{A7A853B9-7969-44BF-971E-860BEF918C95}.Debug|Any CPU.Build.0 = Debug|Any CPU
		{A7A853B9-7969-44BF-971E-860BEF918C95}.Release|Any CPU.ActiveCfg = Release|Any CPU
		{A7A853B9-7969-44BF-971E-860BEF918C95}.Release|Any CPU.Build.0 = Release|Any CPU
	EndGlobalSection
	GlobalSection(SolutionProperties) = preSolution
		HideSolutionNode = FALSE
	EndGlobalSection
	GlobalSection(ExtensibilityGlobals) = postSolution
		SolutionGuid = {121E0CA2-BE89-4C9B-922F-558B9DA7A3D8}
	EndGlobalSection
EndGlobal
